
Microsoft Visual Studio Solution File, Format Version 12.00
# Visual Studio 2013
VisualStudioVersion = 12.0.21005.1
MinimumVisualStudioVersion = 10.0.40219.1
Project("{FAE04EC0-301F-11D3-BF4B-00C04F79EFBC}") = "LoginServer", "LoginServer\LoginServer.csproj", "{1D2DE67F-2B1D-4BDA-A64B-6E035B8F6A4B}"
EndProject
Project("{FAE04EC0-301F-11D3-BF4B-00C04F79EFBC}") = "LobbyServer", "LobbyServer\LobbyServer.csproj", "{FD5D3C4E-BF8B-4CB7-A74E-1AEC5EDBBFD4}"
EndProject
Project("{FAE04EC0-301F-11D3-BF4B-00C04F79EFBC}") = "GateServer", "GateServer\GateServer.csproj", "{68B91AD3-16E8-428F-B98D-F3BA9CD88AC0}"
EndProject
Global
	GlobalSection(SolutionConfigurationPlatforms) = preSolution
		Debug|Any CPU = Debug|Any CPU
		Debug|x86 = Debug|x86
		Release|Any CPU = Release|Any CPU
		Release|x86 = Release|x86
	EndGlobalSection
	GlobalSection(ProjectConfigurationPlatforms) = postSolution
		{1D2DE67F-2B1D-4BDA-A64B-6E035B8F6A4B}.Debug|Any CPU.ActiveCfg = Debug|Any CPU
		{1D2DE67F-2B1D-4BDA-A64B-6E035B8F6A4B}.Debug|Any CPU.Build.0 = Debug|Any CPU
		{1D2DE67F-2B1D-4BDA-A64B-6E035B8F6A4B}.Debug|x86.ActiveCfg = Debug|x86
		{1D2DE67F-2B1D-4BDA-A64B-6E035B8F6A4B}.Debug|x86.Build.0 = Debug|x86
		{1D2DE67F-2B1D-4BDA-A64B-6E035B8F6A4B}.Release|Any CPU.ActiveCfg = Release|Any CPU
		{1D2DE67F-2B1D-4BDA-A64B-6E035B8F6A4B}.Release|Any CPU.Build.0 = Release|Any CPU
		{1D2DE67F-2B1D-4BDA-A64B-6E035B8F6A4B}.Release|x86.ActiveCfg = Release|x86
		{1D2DE67F-2B1D-4BDA-A64B-6E035B8F6A4B}.Release|x86.Build.0 = Release|x86
		{FD5D3C4E-BF8B-4CB7-A74E-1AEC5EDBBFD4}.Debug|Any CPU.ActiveCfg = Debug|Any CPU
		{FD5D3C4E-BF8B-4CB7-A74E-1AEC5EDBBFD4}.Debug|Any CPU.Build.0 = Debug|Any CPU
		{FD5D3C4E-BF8B-4CB7-A74E-1AEC5EDBBFD4}.Debug|x86.ActiveCfg = Debug|x86
		{FD5D3C4E-BF8B-4CB7-A74E-1AEC5EDBBFD4}.Debug|x86.Build.0 = Debug|x86
		{FD5D3C4E-BF8B-4CB7-A74E-1AEC5EDBBFD4}.Release|Any CPU.ActiveCfg = Release|Any CPU
		{FD5D3C4E-BF8B-4CB7-A74E-1AEC5EDBBFD4}.Release|Any CPU.Build.0 = Release|Any CPU
		{FD5D3C4E-BF8B-4CB7-A74E-1AEC5EDBBFD4}.Release|x86.ActiveCfg = Release|x86
		{FD5D3C4E-BF8B-4CB7-A74E-1AEC5EDBBFD4}.Release|x86.Build.0 = Release|x86
		{68B91AD3-16E8-428F-B98D-F3BA9CD88AC0}.Debug|Any CPU.ActiveCfg = Debug|Any CPU
		{68B91AD3-16E8-428F-B98D-F3BA9CD88AC0}.Debug|Any CPU.Build.0 = Debug|Any CPU
		{68B91AD3-16E8-428F-B98D-F3BA9CD88AC0}.Debug|x86.ActiveCfg = Debug|x86
		{68B91AD3-16E8-428F-B98D-F3BA9CD88AC0}.Debug|x86.Build.0 = Debug|x86
		{68B91AD3-16E8-428F-B98D-F3BA9CD88AC0}.Release|Any CPU.ActiveCfg = Release|Any CPU
		{68B91AD3-16E8-428F-B98D-F3BA9CD88AC0}.Release|Any CPU.Build.0 = Release|Any CPU
		{68B91AD3-16E8-428F-B98D-F3BA9CD88AC0}.Release|x86.ActiveCfg = Release|x86
		{68B91AD3-16E8-428F-B98D-F3BA9CD88AC0}.Release|x86.Build.0 = Release|x86
	EndGlobalSection
	GlobalSection(SolutionProperties) = preSolution
		HideSolutionNode = FALSE
	EndGlobalSection
EndGlobal
